
Microsoft Visual Studio Solution File, Format Version 12.00
# Visual Studio Version 17
VisualStudioVersion = 17.0.31903.59
MinimumVisualStudioVersion = 10.0.40219.1
Project("{FAE04EC0-301F-11D3-BF4B-00C04F79EFBC}") = "BMS.src", "src\BMS.src.csproj", "{DA0AEDEF-6309-4070-9CB7-D515C5F1C060}"
EndProject
Global
	GlobalSection(SolutionConfigurationPlatforms) = preSolution
		Debug|Any CPU = Debug|Any CPU
		Release|Any CPU = Release|Any CPU
	EndGlobalSection
	GlobalSection(SolutionProperties) = preSolution
		HideSolutionNode = FALSE
	EndGlobalSection
	GlobalSection(ProjectConfigurationPlatforms) = postSolution
		{4A61646C-5140-44A0-9B97-3BF47F3837EC}.Debug|Any CPU.ActiveCfg = Debug|Any CPU
		{4A61646C-5140-44A0-9B97-3BF47F3837EC}.Debug|Any CPU.Build.0 = Debug|Any CPU
		{4A61646C-5140-44A0-9B97-3BF47F3837EC}.Release|Any CPU.ActiveCfg = Release|Any CPU
		{4A61646C-5140-44A0-9B97-3BF47F3837EC}.Release|Any CPU.Build.0 = Release|Any CPU
		{DA0AEDEF-6309-4070-9CB7-D515C5F1C060}.Debug|Any CPU.ActiveCfg = Debug|Any CPU
		{DA0AEDEF-6309-4070-9CB7-D515C5F1C060}.Debug|Any CPU.Build.0 = Debug|Any CPU
		{DA0AEDEF-6309-4070-9CB7-D515C5F1C060}.Release|Any CPU.ActiveCfg = Release|Any CPU
		{DA0AEDEF-6309-4070-9CB7-D515C5F1C060}.Release|Any CPU.Build.0 = Release|Any CPU
		{5E603C25-A04C-42D4-9C90-C0C6DF279D09}.Debug|Any CPU.ActiveCfg = Debug|Any CPU
		{5E603C25-A04C-42D4-9C90-C0C6DF279D09}.Debug|Any CPU.Build.0 = Debug|Any CPU
		{5E603C25-A04C-42D4-9C90-C0C6DF279D09}.Release|Any CPU.ActiveCfg = Release|Any CPU
		{5E603C25-A04C-42D4-9C90-C0C6DF279D09}.Release|Any CPU.Build.0 = Release|Any CPU
	EndGlobalSection
	GlobalSection(NestedProjects) = preSolution
		{4A61646C-5140-44A0-9B97-3BF47F3837EC} = {491E3E31-19AD-4844-AC91-1394D8A16ECD}
		{5E603C25-A04C-42D4-9C90-C0C6DF279D09} = {491E3E31-19AD-4844-AC91-1394D8A16ECD}
	EndGlobalSection
EndGlobal
